github.com/Julusian/godocdown v0.0.0-20170816220326-6d19f8ff2df8/go.mod h1:INZr5t32rG59/5xeltqoCJoNY7e5x/3xoY9WSWVWg74=
github.com/buger/jsonparser v1.1.1 h1:2PnMjfWD7wBILjqQbt530v576A/cAbQvEW9gGIpYMUs=
github.com/buger/jsonparser v1.1.1/go.mod h1:6RYKKt7H4d4+iWqouImQ9R2FZql3VbhNgx27UK13J/0=
github.com/davecgh/go-spew v1.1.0/go.mod h1:J7Y8YcW2NihsgmVo/mv3lAwl/skON4iLHjSsI+c5H38=
github.com/davecgh/go-spew v1.1.1 h1:vj9j/u1bqnvCEfJOwUhtlOARqs3+rkHYY13jYWTU97c=
github.com/davecgh/go-spew v1.1.1/go.mod h1:J7Y8YcW2NihsgmVo/mv3lAwl/skON4iLHjSsI+c5H38=
github.com/dvyukov/go-fuzz v0.0.0-20240203152606-b1ce7bc07150 h1:8ww/RtfHmtJSLk7nK/TspKZDdgDvvXwp0JMIIhJF35s=
github.com/dvyukov/go-fuzz v0.0.0-20240203152606-b1ce7bc07150/go.mod h1:11Gm+ccJnvAhCNLlf5+cS9KjtbaD5I5zaZpFMsTHWTw=
github.com/elazarl/go-bindata-assetfs v1.0.1 h1:m0kkaHRKEu7tUIUFVwhGGGYClXvyl4RE03qmvRTNfbw=
github.com/elazarl/go-bindata-assetfs v1.0.1/go.mod h1:v+YaWX3bdea5J/mo8dSETolEo7R71Vk1u8bnjau5yw4=
github.com/gofrs/uuid v4.0.0+incompatible/go.mod h1:b2aQJv3Z4Fp6yNu3cdSllBxTCLRxnplIgP/c0N/04lM=
github.com/gofrs/uuid v4.4.0+incompatible h1:3qXRTX8/NbyulANqlc0lchS1gqAVxRgsuW1YrTJupqA=
github.com/gofrs/uuid v4.4.0+incompatible/go.mod h1:b2aQJv3Z4Fp6yNu3cdSllBxTCLRxnplIgP/c0N/04lM=
github.com/gomodule/redigo v1.8.4/go.mod h1:P9dn9mFrCBvWhGE1wpxx6fgq7BAeLBk+UUUzlpkBYO0=
github.com/gomodule/redigo v1.9.2 h1:HrutZBLhSIU8abiSfW8pj8mPhOyMYjZT/wcA4/L9L9s=
github.com/gomodule/redigo v1.9.2/go.mod h1:KsU3hiK/Ay8U42qpaJk+kuNa3C+spxapWpM+ywhcgtw=
github.com/googollee/go-socket.io v1.7.0 h1:ODcQSAvVIPvKozXtUGuJDV3pLwdpBLDs1Uoq/QHIlY8=
github.com/googollee/go-socket.io v1.7.0/go.mod h1:0vGP8/dXR9SZUMMD4+xxaGo/lohOw3YWMh2WRiWeKxg=
github.com/gorilla/websocket v1.4.2/go.mod h1:YR8l580nyteQvAITg2hZ9XVh4b55+EU/adAjf1fMHhE=
github.com/gorilla/websocket v1.5.1 h1:gmztn0JnHVt9JZquRuzLw3g4wouNVzKL15iLr/zn/QY=
github.com/gorilla/websocket v1.5.1/go.mod h1:x3kM2JMyaluk02fnUJpQuwD2dCS5NDG2ZHL0uE0tcaY=
github.com/pmezard/go-difflib v1.0.0 h1:4DBwDE0NGyQoBHbLQYPwSUPoCMWR5BEzIk/f1lZbAQM=
github.com/pmezard/go-difflib v1.0.0/go.mod h1:iKH77koFhYxTK1pcRnkKkqfTogsbg7gZNVY4sRDYZ/4=
github.com/robertkrimen/godocdown v0.0.0-20130622164427-0bfa04905481/go.mod h1:C9WhFzY47SzYBIvzFqSvHIR6ROgDo4TtdTuRaOMjF/s=
github.com/stephens2424/writerset v1.0.2 h1:znRLgU6g8RS5euYRcy004XeE4W+Tu44kALzy7ghPif8=
github.com/stephens2424/writerset v1.0.2/go.mod h1:aS2JhsMn6eA7e82oNmW4rfsgAOp9COBTTl8mzkwADnc=
github.com/stretchr/objx v0.1.0/go.mod h1:HFkY916IF+rwdDfMAkV7OtwuqBVzrE8GR6GFx+wExME=
github.com/stretchr/testify v1.3.0/go.mod h1:M5WIy9Dh21IEIfnGCwXGc5bZfKNJtfHm1UVUgZn+9EI=
github.com/stretchr/testify v1.5.1/go.mod h1:5W2xD1RspED5o8YsWQXVCued0rvSQ+mT+I5cxcmMvtA=
github.com/stretchr/testify v1.8.4 h1:CcVxjf3Q8PM0mHUKJCdn+eZZtm5yQwehR5yeSVQQcUk=
github.com/stretchr/testify v1.8.4/go.mod h1:sz/lmYIOXD/1dqDmKjjqLyZ2RngseejIcXlSw2iwfAo=
github.com/tdewolff/parse/v2 v2.7.12 h1:tgavkHc2ZDEQVKy1oWxwIyh5bP4F5fEh/JmBwPP/3LQ=
github.com/tdewolff/parse/v2 v2.7.12/go.mod h1:3FbJWZp3XT9OWVN3Hmfp0p/a08v4h8J9W1aghka0soA=
github.com/tdewolff/test v1.0.11-0.20231101010635-f1265d231d52 h1:gAQliwn+zJrkjAHVcBEYW/RFvd2St4yYimisvozAYlA=
github.com/tdewolff/test v1.0.11-0.20231101010635-f1265d231d52/go.mod h1:6DAvZliBAAnD7rhVgwaM7DE5/d9NMOAJ09SqYqeK4QE=
github.com/valyala/fastjson v1.6.4 h1:uAUNq9Z6ymTgGhcm0UynUAB6tlbakBrz6CQFax3BXVQ=
github.com/valyala/fastjson v1.6.4/go.mod h1:CLCAqky6SMuOcxStkYQvblddUtoRxhYMGLrsQns1aXY=
golang.org/x/mod v0.16.0 h1:QX4fJ0Rr5cPQCF7O9lh9Se4pmwfwskqZfq5moyldzic=
golang.org/x/mod v0.16.0/go.mod h1:hTbmBsO62+eylJbnUtE2MGJUyE7QWk4xUqPFrRgJ+7c=
golang.org/x/net v0.22.0 h1:9sGLhx7iRIHEiX0oAJ3MRZMUCElJgy7Br1nO+AMN3Tc=
golang.org/x/net v0.22.0/go.mod h1:JKghWKKOSdJwpW2GEx0Ja7fmaKnMsbu+MWVZTokSYmg=
golang.org/x/tools v0.19.0 h1:tfGCXNR1OsFG+sVdLAitlpjAvD/I6dHDKnYrpEZUHkw=
golang.org/x/tools v0.19.0/go.mod h1:qoJWxmGSIBmAeriMx19ogtrEPrGtDbPK634QFIcLAhc=
gopkg.in/check.v1 v0.0.0-20161208181325-20d25e280405/go.mod h1:Co6ibVJAznAaIkqp8huTwlJQCZ016jof/cbN4VW5Yz0=
gopkg.in/yaml.v2 v2.2.2/go.mod h1:hI93XBmqTisBFMUTm0b8Fm+jr3Dg1NNxqwp+5A1VGuI=
gopkg.in/yaml.v2 v2.2.4/go.mod h1:hI93XBmqTisBFMUTm0b8Fm+jr3Dg1NNxqwp+5A1VGuI=
gopkg.in/yaml.v3 v3.0.1 h1:fxVm/GzAzEWqLHuvctI91KS9hhNmmWOoWu0XTYJS7CA=
gopkg.in/yaml.v3 v3.0.1/go.mod h1:K4uyk7z7BCEPqu6E+C64Yfv1cQ7kz7rIZviUmN+EgEM=
